
Microsoft Visual Studio Solution File, Format Version 12.00
# Visual Studio Version 17
VisualStudioVersion = 17.0.31903.59
MinimumVisualStudioVersion = 10.0.40219.1
Project("{FAE04EC0-301F-11D3-BF4B-00C04F79EFBC}") = "ApiPetshop", "ApiPetshop\ApiPetshop.csproj", "{48DEB318-7911-44D0-BD47-7249F30DDCC4}"
EndProject
Project("{FAE04EC0-301F-11D3-BF4B-00C04F79EFBC}") = "Application", "Application\Application.csproj", "{28568B43-7837-4DD7-BC76-742243DA9012}"
EndProject
Project("{FAE04EC0-301F-11D3-BF4B-00C04F79EFBC}") = "Domain", "Domain\Domain.csproj", "{FBBCBB64-94B7-4208-9AC0-7AC28C53AA1A}"
EndProject
Project("{FAE04EC0-301F-11D3-BF4B-00C04F79EFBC}") = "Persistence", "Persistence\Persistence.csproj", "{6099BB73-3D20-4DD0-BAEB-0D008E0DA52F}"
EndProject
Global
	GlobalSection(SolutionConfigurationPlatforms) = preSolution
		Debug|Any CPU = Debug|Any CPU
		Release|Any CPU = Release|Any CPU
	EndGlobalSection
	GlobalSection(SolutionProperties) = preSolution
		HideSolutionNode = FALSE
	EndGlobalSection
	GlobalSection(ProjectConfigurationPlatforms) = postSolution
		{48DEB318-7911-44D0-BD47-7249F30DDCC4}.Debug|Any CPU.ActiveCfg = Debug|Any CPU
		{48DEB318-7911-44D0-BD47-7249F30DDCC4}.Debug|Any CPU.Build.0 = Debug|Any CPU
		{48DEB318-7911-44D0-BD47-7249F30DDCC4}.Release|Any CPU.ActiveCfg = Release|Any CPU
		{48DEB318-7911-44D0-BD47-7249F30DDCC4}.Release|Any CPU.Build.0 = Release|Any CPU
		{28568B43-7837-4DD7-BC76-742243DA9012}.Debug|Any CPU.ActiveCfg = Debug|Any CPU
		{28568B43-7837-4DD7-BC76-742243DA9012}.Debug|Any CPU.Build.0 = Debug|Any CPU
		{28568B43-7837-4DD7-BC76-742243DA9012}.Release|Any CPU.ActiveCfg = Release|Any CPU
		{28568B43-7837-4DD7-BC76-742243DA9012}.Release|Any CPU.Build.0 = Release|Any CPU
		{FBBCBB64-94B7-4208-9AC0-7AC28C53AA1A}.Debug|Any CPU.ActiveCfg = Debug|Any CPU
		{FBBCBB64-94B7-4208-9AC0-7AC28C53AA1A}.Debug|Any CPU.Build.0 = Debug|Any CPU
		{FBBCBB64-94B7-4208-9AC0-7AC28C53AA1A}.Release|Any CPU.ActiveCfg = Release|Any CPU
		{FBBCBB64-94B7-4208-9AC0-7AC28C53AA1A}.Release|Any CPU.Build.0 = Release|Any CPU
		{6099BB73-3D20-4DD0-BAEB-0D008E0DA52F}.Debug|Any CPU.ActiveCfg = Debug|Any CPU
		{6099BB73-3D20-4DD0-BAEB-0D008E0DA52F}.Debug|Any CPU.Build.0 = Debug|Any CPU
		{6099BB73-3D20-4DD0-BAEB-0D008E0DA52F}.Release|Any CPU.ActiveCfg = Release|Any CPU
		{6099BB73-3D20-4DD0-BAEB-0D008E0DA52F}.Release|Any CPU.Build.0 = Release|Any CPU
	EndGlobalSection
EndGlobal
